// !$*UTF8*$!
{
	archiveVersion = 1;
	classes = {
	};
	objectVersion = 46;
	objects = {

/* Begin PBXBuildFile section */
		5259E8C81CE2BE7400613555 /* main.m in Sources */ = {isa = PBXBuildFile; fileRef = 5259E8C71CE2BE7400613555 /* main.m */; };
		5259E8CB1CE2BE7400613555 /* AppDelegate.m in Sources */ = {isa = PBXBuildFile; fileRef = 5259E8CA1CE2BE7400613555 /* AppDelegate.m */; };
		5259E8CE1CE2BE7400613555 /* ViewController.m in Sources */ = {isa = PBXBuildFile; fileRef = 5259E8CD1CE2BE7400613555 /* ViewController.m */; };
		5259E8D11CE2BE7400613555 /* Main.storyboard in Resources */ = {isa = PBXBuildFile; fileRef = 5259E8CF1CE2BE7400613555 /* Main.storyboard */; };
		5259E8D31CE2BE7400613555 /* Assets.xcassets in Resources */ = {isa = PBXBuildFile; fileRef = 5259E8D21CE2BE7400613555 /* Assets.xcassets */; };
		5259E8D61CE2BE7400613555 /* LaunchScreen.storyboard in Resources */ = {isa = PBXBuildFile; fileRef = 5259E8D41CE2BE7400613555 /* LaunchScreen.storyboard */; };
		5259E8E11CE2BE7400613555 /* mypullTests.m in Sources */ = {isa = PBXBuildFile; fileRef = 5259E8E01CE2BE7400613555 /* mypullTests.m */; };
		5259E8EE1CE2BFB500613555 /* YXRefreshView.m in Sources */ = {isa = PBXBuildFile; fileRef = 5259E8ED1CE2BFB500613555 /* YXRefreshView.m */; };
		5259E8F51CE2C4E500613555 /* UIScrollView+YXPull.m in Sources */ = {isa = PBXBuildFile; fileRef = 5259E8F41CE2C4E500613555 /* UIScrollView+YXPull.m */; };
/* End PBXBuildFile section */

/* Begin PBXContainerItemProxy section */
		5259E8DD1CE2BE7400613555 /* PBXContainerItemProxy */ = {
			isa = PBXContainerItemProxy;
			containerPortal = 5259E8BB1CE2BE7400613555 /* Project object */;
			proxyType = 1;
			remoteGlobalIDString = 5259E8C21CE2BE7400613555;
			remoteInfo = mypull;
		};
/* End PBXContainerItemProxy section */

/* Begin PBXFileReference section */
		5259E8C31CE2BE7400613555 /* mypull.app */ = {isa = PBXFileReference; explicitFileType = wrapper.application; includeInIndex = 0; path = mypull.app; sourceTree = BUILT_PRODUCTS_DIR; };
		5259E8C71CE2BE7400613555 /* main.m */ = {isa = PBXFileReference; lastKnownFileType = sourcecode.c.objc; path = main.m; sourceTree = "<group>"; };
		5259E8C91CE2BE7400613555 /* AppDelegate.h */ = {isa = PBXFileReference; lastKnownFileType = sourcecode.c.h; path = AppDelegate.h; sourceTree = "<group>"; };
		5259E8CA1CE2BE7400613555 /* AppDelegate.m */ = {isa = PBXFileReference; lastKnownFileType = sourcecode.c.objc; path = AppDelegate.m; sourceTree = "<group>"; };
		5259E8CC1CE2BE7400613555 /* ViewController.h */ = {isa = PBXFileReference; lastKnownFileType = sourcecode.c.h; path = ViewController.h; sourceTree = "<group>"; };
		5259E8CD1CE2BE7400613555 /* ViewController.m */ = {isa = PBXFileReference; lastKnownFileType = sourcecode.c.objc; path = ViewController.m; sourceTree = "<group>"; };
		5259E8D01CE2BE7400613555 /* Base */ = {isa = PBXFileReference; lastKnownFileType = file.storyboard; name = Base; path = Base.lproj/Main.storyboard; sourceTree = "<group>"; };
		5259E8D21CE2BE7400613555 /* Assets.xcassets */ = {isa = PBXFileReference; lastKnownFileType = folder.assetcatalog; path = Assets.xcassets; sourceTree = "<group>"; };
		5259E8D51CE2BE7400613555 /* Base */ = {isa = PBXFileReference; lastKnownFileType = file.storyboard; name = Base; path = Base.lproj/LaunchScreen.storyboard; sourceTree = "<group>"; };
		5259E8D71CE2BE7400613555 /* Info.plist */ = {isa = PBXFileReference; lastKnownFileType = text.plist.xml; path = Info.plist; sourceTree = "<group>"; };
		5259E8DC1CE2BE7400613555 /* mypullTests.xctest */ = {isa = PBXFileReference; explicitFileType = wrapper.cfbundle; includeInIndex = 0; path = mypullTests.xctest; sourceTree = BUILT_PRODUCTS_DIR; };
		5259E8E01CE2BE7400613555 /* mypullTests.m */ = {isa = PBXFileReference; lastKnownFileType = sourcecode.c.objc; path = mypullTests.m; sourceTree = "<group>"; };
		5259E8E21CE2BE7400613555 /* Info.plist */ = {isa = PBXFileReference; lastKnownFileType = text.plist.xml; path = Info.plist; sourceTree = "<group>"; };
		5259E8EC1CE2BFB500613555 /* YXRefreshView.h */ = {isa = PBXFileReference; fileEncoding = 4; lastKnownFileType = sourcecode.c.h; path = YXRefreshView.h; sourceTree = "<group>"; };
		5259E8ED1CE2BFB500613555 /* YXRefreshView.m */ = {isa = PBXFileReference; fileEncoding = 4; lastKnownFileType = sourcecode.c.objc; path = YXRefreshView.m; sourceTree = "<group>"; };
		5259E8F31CE2C4E500613555 /* UIScrollView+YXPull.h */ = {isa = PBXFileReference; fileEncoding = 4; lastKnownFileType = sourcecode.c.h; path = "UIScrollView+YXPull.h"; sourceTree = "<group>"; };
		5259E8F41CE2C4E500613555 /* UIScrollView+YXPull.m */ = {isa = PBXFileReference; fileEncoding = 4; lastKnownFileType = sourcecode.c.objc; path = "UIScrollView+YXPull.m"; sourceTree = "<group>"; };
/* End PBXFileReference section */

/* Begin PBXFrameworksBuildPhase section */
		5259E8C01CE2BE7400613555 /* Frameworks */ = {
			isa = PBXFrameworksBuildPhase;
			buildActionMask = 2147483647;
			files = (
			);
			runOnlyForDeploymentPostprocessing = 0;
		};
		5259E8D91CE2BE7400613555 /* Frameworks */ = {
			isa = PBXFrameworksBuildPhase;
			buildActionMask = 2147483647;
			files = (
			);
			runOnlyForDeploymentPostprocessing = 0;
		};
/* End PBXFrameworksBuildPhase section */

/* Begin PBXGroup section */
		5259E8BA1CE2BE7400613555 = {
			isa = PBXGroup;
			children = (
				5259E8C51CE2BE7400613555 /* mypull */,
				5259E8DF1CE2BE7400613555 /* mypullTests */,
				5259E8C41CE2BE7400613555 /* Products */,
			);
			sourceTree = "<group>";
		};
		5259E8C41CE2BE7400613555 /* Products */ = {
			isa = PBXGroup;
			children = (
				5259E8C31CE2BE7400613555 /* mypull.app */,
				5259E8DC1CE2BE7400613555 /* mypullTests.xctest */,
			);
			name = Products;
			sourceTree = "<group>";
		};
		5259E8C51CE2BE7400613555 /* mypull */ = {
			isa = PBXGroup;
			children = (
				5259E8EB1CE2BF4600613555 /* YXPull */,
				5259E8C91CE2BE7400613555 /* AppDelegate.h */,
				5259E8CA1CE2BE7400613555 /* AppDelegate.m */,
				5259E8CC1CE2BE7400613555 /* ViewController.h */,
				5259E8CD1CE2BE7400613555 /* ViewController.m */,
				5259E8CF1CE2BE7400613555 /* Main.storyboard */,
				5259E8D21CE2BE7400613555 /* Assets.xcassets */,
				5259E8D41CE2BE7400613555 /* LaunchScreen.storyboard */,
				5259E8D71CE2BE7400613555 /* Info.plist */,
				5259E8C61CE2BE7400613555 /* Supporting Files */,
			);
			path = mypull;
			sourceTree = "<group>";
		};
		5259E8C61CE2BE7400613555 /* Supporting Files */ = {
			isa = PBXGroup;
			children = (
				5259E8C71CE2BE7400613555 /* main.m */,
			);
			name = "Supporting Files";
			sourceTree = "<group>";
		};
		5259E8DF1CE2BE7400613555 /* mypullTests */ = {
			isa = PBXGroup;
			children = (
				5259E8E01CE2BE7400613555 /* mypullTests.m */,
				5259E8E21CE2BE7400613555 /* Info.plist */,
			);
			path = mypullTests;
			sourceTree = "<group>";
		};
		5259E8EB1CE2BF4600613555 /* YXPull */ = {
			isa = PBXGroup;
			children = (
				5259E8EC1CE2BFB500613555 /* YXRefreshView.h */,
				5259E8ED1CE2BFB500613555 /* YXRefreshView.m */,
				5259E8F31CE2C4E500613555 /* UIScrollView+YXPull.h */,
				5259E8F41CE2C4E500613555 /* UIScrollView+YXPull.m */,
			);
			path = YXPull;
			sourceTree = "<group>";
		};
/* End PBXGroup section */

/* Begin PBXNativeTarget section */
		5259E8C21CE2BE7400613555 /* mypull */ = {
			isa = PBXNativeTarget;
			buildConfigurationList = 5259E8E51CE2BE7400613555 /* Build configuration list for PBXNativeTarget "mypull" */;
			buildPhases = (
				5259E8BF1CE2BE7400613555 /* Sources */,
				5259E8C01CE2BE7400613555 /* Frameworks */,
				5259E8C11CE2BE7400613555 /* Resources */,
			);
			buildRules = (
			);
			dependencies = (
			);
			name = mypull;
			productName = mypull;
			productReference = 5259E8C31CE2BE7400613555 /* mypull.app */;
			productType = "com.apple.product-type.application";
		};
		5259E8DB1CE2BE7400613555 /* mypullTests */ = {
			isa = PBXNativeTarget;
			buildConfigurationList = 5259E8E81CE2BE7400613555 /* Build configuration list for PBXNativeTarget "mypullTests" */;
			buildPhases = (
				5259E8D81CE2BE7400613555 /* Sources */,
				5259E8D91CE2BE7400613555 /* Frameworks */,
				5259E8DA1CE2BE7400613555 /* Resources */,
			);
			buildRules = (
			);
			dependencies = (
				5259E8DE1CE2BE7400613555 /* PBXTargetDependency */,
			);
			name = mypullTests;
			productName = mypullTests;
			productReference = 5259E8DC1CE2BE7400613555 /* mypullTests.xctest */;
			productType = "com.apple.product-type.bundle.unit-test";
		};
/* End PBXNativeTarget section */

/* Begin PBXProject section */
		5259E8BB1CE2BE7400613555 /* Project object */ = {
			isa = PBXProject;
			attributes = {
				LastUpgradeCheck = 0730;
				ORGANIZATIONNAME = Y;
				TargetAttributes = {
					5259E8C21CE2BE7400613555 = {
						CreatedOnToolsVersion = 7.3;
					};
					5259E8DB1CE2BE7400613555 = {
						CreatedOnToolsVersion = 7.3;
						TestTargetID = 5259E8C21CE2BE7400613555;
					};
				};
			};
			buildConfigurationList = 5259E8BE1CE2BE7400613555 /* Build configuration list for PBXProject "mypull" */;
			compatibilityVersion = "Xcode 3.2";
			developmentRegion = English;
			hasScannedForEncodings = 0;
			knownRegions = (
				en,
				Base,
			);
			mainGroup = 5259E8BA1CE2BE7400613555;
			productRefGroup = 5259E8C41CE2BE7400613555 /* Products */;
			projectDirPath = "";
			projectRoot = "";
			targets = (
				5259E8C21CE2BE7400613555 /* mypull */,
				5259E8DB1CE2BE7400613555 /* mypullTests */,
			);
		};
/* End PBXProject section */

/* Begin PBXResourcesBuildPhase section */
		5259E8C11CE2BE7400613555 /* Resources */ = {
			isa = PBXResourcesBuildPhase;
			buildActionMask = 2147483647;
			files = (
				5259E8D61CE2BE7400613555 /* LaunchScreen.storyboard in Resources */,
				5259E8D31CE2BE7400613555 /* Assets.xcassets in Resources */,
				5259E8D11CE2BE7400613555 /* Main.storyboard in Resources */,
			);
			runOnlyForDeploymentPostprocessing = 0;
		};
		5259E8DA1CE2BE7400613555 /* Resources */ = {
			isa = PBXResourcesBuildPhase;
			buildActionMask = 2147483647;
			files = (
			);
			runOnlyForDeploymentPostprocessing = 0;
		};
/* End PBXResourcesBuildPhase section */

/* Begin PBXSourcesBuildPhase section */
		5259E8BF1CE2BE7400613555 /* Sources */ = {
			isa = PBXSourcesBuildPhase;
			buildActionMask = 2147483647;
			files = (
				5259E8CE1CE2BE7400613555 /* ViewController.m in Sources */,
				5259E8EE1CE2BFB500613555 /* YXRefreshView.m in Sources */,
				5259E8CB1CE2BE7400613555 /* AppDelegate.m in Sources */,
				5259E8C81CE2BE7400613555 /* main.m in Sources */,
				5259E8F51CE2C4E500613555 /* UIScrollView+YXPull.m in Sources */,
			);
			runOnlyForDeploymentPostprocessing = 0;
		};
		5259E8D81CE2BE7400613555 /* Sources */ = {
			isa = PBXSourcesBuildPhase;
			buildActionMask = 2147483647;
			files = (
				5259E8E11CE2BE7400613555 /* mypullTests.m in Sources */,
			);
			runOnlyForDeploymentPostprocessing = 0;
		};
/* End PBXSourcesBuildPhase section */

/* Begin PBXTargetDependency section */
		5259E8DE1CE2BE7400613555 /* PBXTargetDependency */ = {
			isa = PBXTargetDependency;
			target = 5259E8C21CE2BE7400613555 /* mypull */;
			targetProxy = 5259E8DD1CE2BE7400613555 /* PBXContainerItemProxy */;
		};
/* End PBXTargetDependency section */

/* Begin PBXVariantGroup section */
		5259E8CF1CE2BE7400613555 /* Main.storyboard */ = {
			isa = PBXVariantGroup;
			children = (
				5259E8D01CE2BE7400613555 /* Base */,
			);
			name = Main.storyboard;
			sourceTree = "<group>";
		};
		5259E8D41CE2BE7400613555 /* LaunchScreen.storyboard */ = {
			isa = PBXVariantGroup;
			children = (
				5259E8D51CE2BE7400613555 /* Base */,
			);
			name = LaunchScreen.storyboard;
			sourceTree = "<group>";
		};
/* End PBXVariantGroup section */

/* Begin XCBuildConfiguration section */
		5259E8E31CE2BE7400613555 /* Debug */ = {
			isa = XCBuildConfiguration;
			buildSettings = {
				ALWAYS_SEARCH_USER_PATHS = NO;
				CLANG_ANALYZER_NONNULL = YES;
				CLANG_CXX_LANGUAGE_STANDARD = "gnu++0x";
				CLANG_CXX_LIBRARY = "libc++";
				CLANG_ENABLE_MODULES = YES;
				CLANG_ENABLE_OBJC_ARC = YES;
				CLANG_WARN_BOOL_CONVERSION = YES;
				CLANG_WARN_CONSTANT_CONVERSION = YES;
				CLANG_WARN_DIRECT_OBJC_ISA_USAGE = YES_ERROR;
				CLANG_WARN_EMPTY_BODY = YES;
				CLANG_WARN_ENUM_CONVERSION = YES;
				CLANG_WARN_INT_CONVERSION = YES;
				CLANG_WARN_OBJC_ROOT_CLASS = YES_ERROR;
				CLANG_WARN_UNREACHABLE_CODE = YES;
				CLANG_WARN__DUPLICATE_METHOD_MATCH = YES;
				"CODE_SIGN_IDENTITY[sdk=iphoneos*]" = "iPhone Developer";
				COPY_PHASE_STRIP = NO;
				DEBUG_INFORMATION_FORMAT = dwarf;
				ENABLE_STRICT_OBJC_MSGSEND = YES;
				ENABLE_TESTABILITY = YES;
				GCC_C_LANGUAGE_STANDARD = gnu99;
				GCC_DYNAMIC_NO_PIC = NO;
				GCC_NO_COMMON_BLOCKS = YES;
				GCC_OPTIMIZATION_LEVEL = 0;
				GCC_PREPROCESSOR_DEFINITIONS = (
					"DEBUG=1",
					"$(inherited)",
				);
				GCC_WARN_64_TO_32_BIT_CONVERSION = YES;
				GCC_WARN_ABOUT_RETURN_TYPE = YES_ERROR;
				GCC_WARN_UNDECLARED_SELECTOR = YES;
				GCC_WARN_UNINITIALIZED_AUTOS = YES_AGGRESSIVE;
				GCC_WARN_UNUSED_FUNCTION = YES;
				GCC_WARN_UNUSED_VARIABLE = YES;
				IPHONEOS_DEPLOYMENT_TARGET = 9.3;
				MTL_ENABLE_DEBUG_INFO = YES;
				ONLY_ACTIVE_ARCH = YES;
				SDKROOT = iphoneos;
			};
			name = Debug;
		};
		5259E8E41CE2BE7400613555 /* Release */ = {
			isa = XCBuildConfiguration;
			buildSettings = {
				ALWAYS_SEARCH_USER_PATHS = NO;
				CLANG_ANALYZER_NONNULL = YES;
				CLANG_CXX_LANGUAGE_STANDARD = "gnu++0x";
				CLANG_CXX_LIBRARY = "libc++";
				CLANG_ENABLE_MODULES = YES;
				CLANG_ENABLE_OBJC_ARC = YES;
				CLANG_WARN_BOOL_CONVERSION = YES;
				CLANG_WARN_CONSTANT_CONVERSION = YES;
				CLANG_WARN_DIRECT_OBJC_ISA_USAGE = YES_ERROR;
				CLANG_WARN_EMPTY_BODY = YES;
				CLANG_WARN_ENUM_CONVERSION = YES;
				CLANG_WARN_INT_CONVERSION = YES;
				CLANG_WARN_OBJC_ROOT_CLASS = YES_ERROR;
				CLANG_WARN_UNREACHABLE_CODE = YES;
				CLANG_WARN__DUPLICATE_METHOD_MATCH = YES;
				"CODE_SIGN_IDENTITY[sdk=iphoneos*]" = "iPhone Developer";
				COPY_PHASE_STRIP = NO;
				DEBUG_INFORMATION_FORMAT = "dwarf-with-dsym";
				ENABLE_NS_ASSERTIONS = NO;
				ENABLE_STRICT_OBJC_MSGSEND = YES;
				GCC_C_LANGUAGE_STANDARD = gnu99;
				GCC_NO_COMMON_BLOCKS = YES;
				GCC_WARN_64_TO_32_BIT_CONVERSION = YES;
				GCC_WARN_ABOUT_RETURN_TYPE = YES_ERROR;
				GCC_WARN_UNDECLARED_SELECTOR = YES;
				GCC_WARN_UNINITIALIZED_AUTOS = YES_AGGRESSIVE;
				GCC_WARN_UNUSED_FUNCTION = YES;
				GCC_WARN_UNUSED_VARIABLE = YES;
				IPHONEOS_DEPLOYMENT_TARGET = 9.3;
				MTL_ENABLE_DEBUG_INFO = NO;
				SDKROOT = iphoneos;
				VALIDATE_PRODUCT = YES;
			};
			name = Release;
		};
		5259E8E61CE2BE7400613555 /* Debug */ = {
			isa = XCBuildConfiguration;
			buildSettings = {
				ASSETCATALOG_COMPILER_APPICON_NAME = AppIcon;
				INFOPLIST_FILE = mypull/Info.plist;
				LD_RUNPATH_SEARCH_PATHS = "$(inherited) @executable_path/Frameworks";
				PRODUCT_BUNDLE_IDENTIFIER = Y.mypull;
				PRODUCT_NAME = "$(TARGET_NAME)";
			};
			name = Debug;
		};
		5259E8E71CE2BE7400613555 /* Release */ = {
			isa = XCBuildConfiguration;
			buildSettings = {
				ASSETCATALOG_COMPILER_APPICON_NAME = AppIcon;
				INFOPLIST_FILE = mypull/Info.plist;
				LD_RUNPATH_SEARCH_PATHS = "$(inherited) @executable_path/Frameworks";
				PRODUCT_BUNDLE_IDENTIFIER = Y.mypull;
				PRODUCT_NAME = "$(TARGET_NAME)";
			};
			name = Release;
		};
		5259E8E91CE2BE7400613555 /* Debug */ = {
			isa = XCBuildConfiguration;
			buildSettings = {
				BUNDLE_LOADER = "$(TEST_HOST)";
				INFOPLIST_FILE = mypullTests/Info.plist;
				LD_RUNPATH_SEARCH_PATHS = "$(inherited) @executable_path/Frameworks @loader_path/Frameworks";
				PRODUCT_BUNDLE_IDENTIFIER = Y.mypullTests;
				PRODUCT_NAME = "$(TARGET_NAME)";
				TEST_HOST = "$(BUILT_PRODUCTS_DIR)/mypull.app/mypull";
			};
			name = Debug;
		};
		5259E8EA1CE2BE7400613555 /* Release */ = {
			isa = XCBuildConfiguration;
			buildSettings = {
				BUNDLE_LOADER = "$(TEST_HOST)";
				INFOPLIST_FILE = mypullTests/Info.plist;
				LD_RUNPATH_SEARCH_PATHS = "$(inherited) @executable_path/Frameworks @loader_path/Frameworks";
				PRODUCT_BUNDLE_IDENTIFIER = Y.mypullTests;
				PRODUCT_NAME = "$(TARGET_NAME)";
				TEST_HOST = "$(BUILT_PRODUCTS_DIR)/mypull.app/mypull";
			};
			name = Release;
		};
/* End XCBuildConfiguration section */

/* Begin XCConfigurationList section */
		5259E8BE1CE2BE7400613555 /* Build configuration list for PBXProject "mypull" */ = {
			isa = XCConfigurationList;
			buildConfigurations = (
				5259E8E31CE2BE7400613555 /* Debug */,
				5259E8E41CE2BE7400613555 /* Release */,
			);
			defaultConfigurationIsVisible = 0;
			defaultConfigurationName = Release;
		};
		5259E8E51CE2BE7400613555 /* Build configuration list for PBXNativeTarget "mypull" */ = {
			isa = XCConfigurationList;
			buildConfigurations = (
				5259E8E61CE2BE7400613555 /* Debug */,
				5259E8E71CE2BE7400613555 /* Release */,
			);
			defaultConfigurationIsVisible = 0;
		};
		5259E8E81CE2BE7400613555 /* Build configuration list for PBXNativeTarget "mypullTests" */ = {
			isa = XCConfigurationList;
			buildConfigurations = (
				5259E8E91CE2BE7400613555 /* Debug */,
				5259E8EA1CE2BE7400613555 /* Release */,
			);
			defaultConfigurationIsVisible = 0;
		};
/* End XCConfigurationList section */
	};
	rootObject = 5259E8BB1CE2BE7400613555 /* Project object */;
}
